// !$*UTF8*$!
{
	archiveVersion = 1;
	classes = {
	};
	objectVersion = 50;
	objects = {

/* Begin PBXBuildFile section */
		F44D470225B4349700AE7690 /* Audio_RecorderApp.swift in Sources */ = {isa = PBXBuildFile; fileRef = F44D470125B4349700AE7690 /* Audio_RecorderApp.swift */; };
		F44D470425B4349700AE7690 /* MainView.swift in Sources */ = {isa = PBXBuildFile; fileRef = F44D470325B4349700AE7690 /* MainView.swift */; };
		F44D470625B4349900AE7690 /* Assets.xcassets in Resources */ = {isa = PBXBuildFile; fileRef = F44D470525B4349900AE7690 /* Assets.xcassets */; };
		F44D470925B4349900AE7690 /* Preview Assets.xcassets in Resources */ = {isa = PBXBuildFile; fileRef = F44D470825B4349900AE7690 /* Preview Assets.xcassets */; };
		F44D471225B434B700AE7690 /* AudioRecorderClass.swift in Sources */ = {isa = PBXBuildFile; fileRef = F44D471125B434B700AE7690 /* AudioRecorderClass.swift */; };
		F4C1744425B43CF3009D2B5F /* RecordingsList.swift in Sources */ = {isa = PBXBuildFile; fileRef = F4C1744325B43CF3009D2B5F /* RecordingsList.swift */; };
		F4C1744725B4404B009D2B5F /* DateExtension.swift in Sources */ = {isa = PBXBuildFile; fileRef = F4C1744625B4404B009D2B5F /* DateExtension.swift */; };
		F4C1744F25B4641F009D2B5F /* RecordingStruct.swift in Sources */ = {isa = PBXBuildFile; fileRef = F4C1744E25B4641F009D2B5F /* RecordingStruct.swift */; };
		F4C1745425B467F7009D2B5F /* Helper.swift in Sources */ = {isa = PBXBuildFile; fileRef = F4C1745325B467F7009D2B5F /* Helper.swift */; };
/* End PBXBuildFile section */

/* Begin PBXFileReference section */
		F44D46FE25B4349700AE7690 /* Audio Recorder.app */ = {isa = PBXFileReference; explicitFileType = wrapper.application; includeInIndex = 0; path = "Audio Recorder.app"; sourceTree = BUILT_PRODUCTS_DIR; };
		F44D470125B4349700AE7690 /* Audio_RecorderApp.swift */ = {isa = PBXFileReference; lastKnownFileType = sourcecode.swift; path = Audio_RecorderApp.swift; sourceTree = "<group>"; };
		F44D470325B4349700AE7690 /* MainView.swift */ = {isa = PBXFileReference; lastKnownFileType = sourcecode.swift; path = MainView.swift; sourceTree = "<group>"; };
		F44D470525B4349900AE7690 /* Assets.xcassets */ = {isa = PBXFileReference; lastKnownFileType = folder.assetcatalog; path = Assets.xcassets; sourceTree = "<group>"; };
		F44D470825B4349900AE7690 /* Preview Assets.xcassets */ = {isa = PBXFileReference; lastKnownFileType = folder.assetcatalog; path = "Preview Assets.xcassets"; sourceTree = "<group>"; };
		F44D470A25B4349900AE7690 /* Info.plist */ = {isa = PBXFileReference; lastKnownFileType = text.plist.xml; path = Info.plist; sourceTree = "<group>"; };
		F44D471125B434B700AE7690 /* AudioRecorderClass.swift */ = {isa = PBXFileReference; lastKnownFileType = sourcecode.swift; path = AudioRecorderClass.swift; sourceTree = "<group>"; };
		F4C1744325B43CF3009D2B5F /* RecordingsList.swift */ = {isa = PBXFileReference; lastKnownFileType = sourcecode.swift; path = RecordingsList.swift; sourceTree = "<group>"; };
		F4C1744625B4404B009D2B5F /* DateExtension.swift */ = {isa = PBXFileReference; lastKnownFileType = sourcecode.swift; path = DateExtension.swift; sourceTree = "<group>"; };
		F4C1744E25B4641F009D2B5F /* RecordingStruct.swift */ = {isa = PBXFileReference; lastKnownFileType = sourcecode.swift; path = RecordingStruct.swift; sourceTree = "<group>"; };
		F4C1745325B467F7009D2B5F /* Helper.swift */ = {isa = PBXFileReference; lastKnownFileType = sourcecode.swift; path = Helper.swift; sourceTree = "<group>"; };
/* End PBXFileReference section */

/* Begin PBXFrameworksBuildPhase section */
		F44D46FB25B4349700AE7690 /* Frameworks */ = {
			isa = PBXFrameworksBuildPhase;
			buildActionMask = 2147483647;
			files = (
			);
			runOnlyForDeploymentPostprocessing = 0;
		};
/* End PBXFrameworksBuildPhase section */

/* Begin PBXGroup section */
		F44D46F525B4349600AE7690 = {
			isa = PBXGroup;
			children = (
				F44D470025B4349700AE7690 /* Audio Recorder */,
				F44D46FF25B4349700AE7690 /* Products */,
			);
			sourceTree = "<group>";
		};
		F44D46FF25B4349700AE7690 /* Products */ = {
			isa = PBXGroup;
			children = (
				F44D46FE25B4349700AE7690 /* Audio Recorder.app */,
			);
			name = Products;
			sourceTree = "<group>";
		};
		F44D470025B4349700AE7690 /* Audio Recorder */ = {
			isa = PBXGroup;
			children = (
				F44D470125B4349700AE7690 /* Audio_RecorderApp.swift */,
				F44D471425B434C200AE7690 /* Views */,
				F44D471525B434CC00AE7690 /* Models */,
				F4C1744A25B44052009D2B5F /* Extension */,
				F4C1745225B467E7009D2B5F /* Extra */,
				F44D470525B4349900AE7690 /* Assets.xcassets */,
				F44D470A25B4349900AE7690 /* Info.plist */,
				F44D470725B4349900AE7690 /* Preview Content */,
			);
			path = "Audio Recorder";
			sourceTree = "<group>";
		};
		F44D470725B4349900AE7690 /* Preview Content */ = {
			isa = PBXGroup;
			children = (
				F44D470825B4349900AE7690 /* Preview Assets.xcassets */,
			);
			path = "Preview Content";
			sourceTree = "<group>";
		};
		F44D471425B434C200AE7690 /* Views */ = {
			isa = PBXGroup;
			children = (
				F44D470325B4349700AE7690 /* MainView.swift */,
				F4C1744325B43CF3009D2B5F /* RecordingsList.swift */,
			);
			path = Views;
			sourceTree = "<group>";
		};
		F44D471525B434CC00AE7690 /* Models */ = {
			isa = PBXGroup;
			children = (
				F44D471125B434B700AE7690 /* AudioRecorderClass.swift */,
				F4C1744E25B4641F009D2B5F /* RecordingStruct.swift */,
			);
			path = Models;
			sourceTree = "<group>";
		};
		F4C1744A25B44052009D2B5F /* Extension */ = {
			isa = PBXGroup;
			children = (
				F4C1744625B4404B009D2B5F /* DateExtension.swift */,
			);
			path = Extension;
			sourceTree = "<group>";
		};
		F4C1745225B467E7009D2B5F /* Extra */ = {
			isa = PBXGroup;
			children = (
				F4C1745325B467F7009D2B5F /* Helper.swift */,
			);
			path = Extra;
			sourceTree = "<group>";
		};
/* End PBXGroup section */

/* Begin PBXNativeTarget section */
		F44D46FD25B4349700AE7690 /* Audio Recorder */ = {
			isa = PBXNativeTarget;
			buildConfigurationList = F44D470D25B4349900AE7690 /* Build configuration list for PBXNativeTarget "Audio Recorder" */;
			buildPhases = (
				F44D46FA25B4349700AE7690 /* Sources */,
				F44D46FB25B4349700AE7690 /* Frameworks */,
				F44D46FC25B4349700AE7690 /* Resources */,
			);
			buildRules = (
			);
			dependencies = (
			);
			name = "Audio Recorder";
			productName = "Audio Recorder";
			productReference = F44D46FE25B4349700AE7690 /* Audio Recorder.app */;
			productType = "com.apple.product-type.application";
		};
/* End PBXNativeTarget section */

/* Begin PBXProject section */
		F44D46F625B4349600AE7690 /* Project object */ = {
			isa = PBXProject;
			attributes = {
				LastSwiftUpdateCheck = 1230;
				LastUpgradeCheck = 1230;
				TargetAttributes = {
					F44D46FD25B4349700AE7690 = {
						CreatedOnToolsVersion = 12.3;
					};
				};
			};
			buildConfigurationList = F44D46F925B4349600AE7690 /* Build configuration list for PBXProject "Audio Recorder" */;
			compatibilityVersion = "Xcode 9.3";
			developmentRegion = en;
			hasScannedForEncodings = 0;
			knownRegions = (
				en,
				Base,
			);
			mainGroup = F44D46F525B4349600AE7690;
			productRefGroup = F44D46FF25B4349700AE7690 /* Products */;
			projectDirPath = "";
			projectRoot = "";
			targets = (
				F44D46FD25B4349700AE7690 /* Audio Recorder */,
			);
		};
/* End PBXProject section */

/* Begin PBXResourcesBuildPhase section */
		F44D46FC25B4349700AE7690 /* Resources */ = {
			isa = PBXResourcesBuildPhase;
			buildActionMask = 2147483647;
			files = (
				F44D470925B4349900AE7690 /* Preview Assets.xcassets in Resources */,
				F44D470625B4349900AE7690 /* Assets.xcassets in Resources */,
			);
			runOnlyForDeploymentPostprocessing = 0;
		};
/* End PBXResourcesBuildPhase section */

/* Begin PBXSourcesBuildPhase section */
		F44D46FA25B4349700AE7690 /* Sources */ = {
			isa = PBXSourcesBuildPhase;
			buildActionMask = 2147483647;
			files = (
				F44D471225B434B700AE7690 /* AudioRecorderClass.swift in Sources */,
				F4C1745425B467F7009D2B5F /* Helper.swift in Sources */,
				F4C1744725B4404B009D2B5F /* DateExtension.swift in Sources */,
				F4C1744F25B4641F009D2B5F /* RecordingStruct.swift in Sources */,
				F44D470425B4349700AE7690 /* MainView.swift in Sources */,
				F44D470225B4349700AE7690 /* Audio_RecorderApp.swift in Sources */,
				F4C1744425B43CF3009D2B5F /* RecordingsList.swift in Sources */,
			);
			runOnlyForDeploymentPostprocessing = 0;
		};
/* End PBXSourcesBuildPhase section */

/* Begin XCBuildConfiguration section */
		F44D470B25B4349900AE7690 /* Debug */ = {
			isa = XCBuildConfiguration;
			buildSettings = {
				ALWAYS_SEARCH_USER_PATHS = NO;
				CLANG_ANALYZER_NONNULL = YES;
				CLANG_ANALYZER_NUMBER_OBJECT_CONVERSION = YES_AGGRESSIVE;
				CLANG_CXX_LANGUAGE_STANDARD = "gnu++14";
				CLANG_CXX_LIBRARY = "libc++";
				CLANG_ENABLE_MODULES = YES;
				CLANG_ENABLE_OBJC_ARC = YES;
				CLANG_ENABLE_OBJC_WEAK = YES;
				CLANG_WARN_BLOCK_CAPTURE_AUTORELEASING = YES;
				CLANG_WARN_BOOL_CONVERSION = YES;
				CLANG_WARN_COMMA = YES;
				CLANG_WARN_CONSTANT_CONVERSION = YES;
				CLANG_WARN_DEPRECATED_OBJC_IMPLEMENTATIONS = YES;
				CLANG_WARN_DIRECT_OBJC_ISA_USAGE = YES_ERROR;
				CLANG_WARN_DOCUMENTATION_COMMENTS = YES;
				CLANG_WARN_EMPTY_BODY = YES;
				CLANG_WARN_ENUM_CONVERSION = YES;
				CLANG_WARN_INFINITE_RECURSION = YES;
				CLANG_WARN_INT_CONVERSION = YES;
				CLANG_WARN_NON_LITERAL_NULL_CONVERSION = YES;
				CLANG_WARN_OBJC_IMPLICIT_RETAIN_SELF = YES;
				CLANG_WARN_OBJC_LITERAL_CONVERSION = YES;
				CLANG_WARN_OBJC_ROOT_CLASS = YES_ERROR;
				CLANG_WARN_QUOTED_INCLUDE_IN_FRAMEWORK_HEADER = YES;
				CLANG_WARN_RANGE_LOOP_ANALYSIS = YES;
				CLANG_WARN_STRICT_PROTOTYPES = YES;
				CLANG_WARN_SUSPICIOUS_MOVE = YES;
				CLANG_WARN_UNGUARDED_AVAILABILITY = YES_AGGRESSIVE;
				CLANG_WARN_UNREACHABLE_CODE = YES;
				CLANG_WARN__DUPLICATE_METHOD_MATCH = YES;
				COPY_PHASE_STRIP = NO;
				DEBUG_INFORMATION_FORMAT = dwarf;
				ENABLE_STRICT_OBJC_MSGSEND = YES;
				ENABLE_TESTABILITY = YES;
				GCC_C_LANGUAGE_STANDARD = gnu11;
				GCC_DYNAMIC_NO_PIC = NO;
				GCC_NO_COMMON_BLOCKS = YES;
				GCC_OPTIMIZATION_LEVEL = 0;
				GCC_PREPROCESSOR_DEFINITIONS = (
					"DEBUG=1",
					"$(inherited)",
				);
				GCC_WARN_64_TO_32_BIT_CONVERSION = YES;
				GCC_WARN_ABOUT_RETURN_TYPE = YES_ERROR;
				GCC_WARN_UNDECLARED_SELECTOR = YES;
				GCC_WARN_UNINITIALIZED_AUTOS = YES_AGGRESSIVE;
				GCC_WARN_UNUSED_FUNCTION = YES;
				GCC_WARN_UNUSED_VARIABLE = YES;
				IPHONEOS_DEPLOYMENT_TARGET = 14.3;
				MTL_ENABLE_DEBUG_INFO = INCLUDE_SOURCE;
				MTL_FAST_MATH = YES;
				ONLY_ACTIVE_ARCH = YES;
				SDKROOT = iphoneos;
				SWIFT_ACTIVE_COMPILATION_CONDITIONS = DEBUG;
				SWIFT_OPTIMIZATION_LEVEL = "-Onone";
			};
			name = Debug;
		};
		F44D470C25B4349900AE7690 /* Release */ = {
			isa = XCBuildConfiguration;
			buildSettings = {
				ALWAYS_SEARCH_USER_PATHS = NO;
				CLANG_ANALYZER_NONNULL = YES;
				CLANG_ANALYZER_NUMBER_OBJECT_CONVERSION = YES_AGGRESSIVE;
				CLANG_CXX_LANGUAGE_STANDARD = "gnu++14";
				CLANG_CXX_LIBRARY = "libc++";
				CLANG_ENABLE_MODULES = YES;
				CLANG_ENABLE_OBJC_ARC = YES;
				CLANG_ENABLE_OBJC_WEAK = YES;
				CLANG_WARN_BLOCK_CAPTURE_AUTORELEASING = YES;
				CLANG_WARN_BOOL_CONVERSION = YES;
				CLANG_WARN_COMMA = YES;
				CLANG_WARN_CONSTANT_CONVERSION = YES;
				CLANG_WARN_DEPRECATED_OBJC_IMPLEMENTATIONS = YES;
				CLANG_WARN_DIRECT_OBJC_ISA_USAGE = YES_ERROR;
				CLANG_WARN_DOCUMENTATION_COMMENTS = YES;
				CLANG_WARN_EMPTY_BODY = YES;
				CLANG_WARN_ENUM_CONVERSION = YES;
				CLANG_WARN_INFINITE_RECURSION = YES;
				CLANG_WARN_INT_CONVERSION = YES;
				CLANG_WARN_NON_LITERAL_NULL_CONVERSION = YES;
				CLANG_WARN_OBJC_IMPLICIT_RETAIN_SELF = YES;
				CLANG_WARN_OBJC_LITERAL_CONVERSION = YES;
				CLANG_WARN_OBJC_ROOT_CLASS = YES_ERROR;
				CLANG_WARN_QUOTED_INCLUDE_IN_FRAMEWORK_HEADER = YES;
				CLANG_WARN_RANGE_LOOP_ANALYSIS = YES;
				CLANG_WARN_STRICT_PROTOTYPES = YES;
				CLANG_WARN_SUSPICIOUS_MOVE = YES;
				CLANG_WARN_UNGUARDED_AVAILABILITY = YES_AGGRESSIVE;
				CLANG_WARN_UNREACHABLE_CODE = YES;
				CLANG_WARN__DUPLICATE_METHOD_MATCH = YES;
				COPY_PHASE_STRIP = NO;
				DEBUG_INFORMATION_FORMAT = "dwarf-with-dsym";
				ENABLE_NS_ASSERTIONS = NO;
				ENABLE_STRICT_OBJC_MSGSEND = YES;
				GCC_C_LANGUAGE_STANDARD = gnu11;
				GCC_NO_COMMON_BLOCKS = YES;
				GCC_WARN_64_TO_32_BIT_CONVERSION = YES;
				GCC_WARN_ABOUT_RETURN_TYPE = YES_ERROR;
				GCC_WARN_UNDECLARED_SELECTOR = YES;
				GCC_WARN_UNINITIALIZED_AUTOS = YES_AGGRESSIVE;
				GCC_WARN_UNUSED_FUNCTION = YES;
				GCC_WARN_UNUSED_VARIABLE = YES;
				IPHONEOS_DEPLOYMENT_TARGET = 14.3;
				MTL_ENABLE_DEBUG_INFO = NO;
				MTL_FAST_MATH = YES;
				SDKROOT = iphoneos;
				SWIFT_COMPILATION_MODE = wholemodule;
				SWIFT_OPTIMIZATION_LEVEL = "-O";
				VALIDATE_PRODUCT = YES;
			};
			name = Release;
		};
		F44D470E25B4349900AE7690 /* Debug */ = {
			isa = XCBuildConfiguration;
			buildSettings = {
				ASSETCATALOG_COMPILER_APPICON_NAME = AppIcon;
				ASSETCATALOG_COMPILER_GLOBAL_ACCENT_COLOR_NAME = AccentColor;
				CODE_SIGN_STYLE = Automatic;
				DEVELOPMENT_ASSET_PATHS = "\"Audio Recorder/Preview Content\"";
				DEVELOPMENT_TEAM = WMFKF24VVS;
				ENABLE_PREVIEWS = YES;
				INFOPLIST_FILE = "Audio Recorder/Info.plist";
				IPHONEOS_DEPLOYMENT_TARGET = 14.0;
				LD_RUNPATH_SEARCH_PATHS = (
					"$(inherited)",
					"@executable_path/Frameworks",
				);
				PRODUCT_BUNDLE_IDENTIFIER = "com.shengyuanlu.Audio-Recorder";
				PRODUCT_NAME = "$(TARGET_NAME)";
				SWIFT_VERSION = 5.0;
				TARGETED_DEVICE_FAMILY = "1,2";
			};
			name = Debug;
		};
		F44D470F25B4349900AE7690 /* Release */ = {
			isa = XCBuildConfiguration;
			buildSettings = {
				ASSETCATALOG_COMPILER_APPICON_NAME = AppIcon;
				ASSETCATALOG_COMPILER_GLOBAL_ACCENT_COLOR_NAME = AccentColor;
				CODE_SIGN_STYLE = Automatic;
				DEVELOPMENT_ASSET_PATHS = "\"Audio Recorder/Preview Content\"";
				DEVELOPMENT_TEAM = WMFKF24VVS;
				ENABLE_PREVIEWS = YES;
				INFOPLIST_FILE = "Audio Recorder/Info.plist";
				IPHONEOS_DEPLOYMENT_TARGET = 14.0;
				LD_RUNPATH_SEARCH_PATHS = (
					"$(inherited)",
					"@executable_path/Frameworks",
				);
				PRODUCT_BUNDLE_IDENTIFIER = "com.shengyuanlu.Audio-Recorder";
				PRODUCT_NAME = "$(TARGET_NAME)";
				SWIFT_VERSION = 5.0;
				TARGETED_DEVICE_FAMILY = "1,2";
			};
			name = Release;
		};
/* End XCBuildConfiguration section */

/* Begin XCConfigurationList section */
		F44D46F925B4349600AE7690 /* Build configuration list for PBXProject "Audio Recorder" */ = {
			isa = XCConfigurationList;
			buildConfigurations = (
				F44D470B25B4349900AE7690 /* Debug */,
				F44D470C25B4349900AE7690 /* Release */,
			);
			defaultConfigurationIsVisible = 0;
			defaultConfigurationName = Release;
		};
		F44D470D25B4349900AE7690 /* Build configuration list for PBXNativeTarget "Audio Recorder" */ = {
			isa = XCConfigurationList;
			buildConfigurations = (
				F44D470E25B4349900AE7690 /* Debug */,
				F44D470F25B4349900AE7690 /* Release */,
			);
			defaultConfigurationIsVisible = 0;
			defaultConfigurationName = Release;
		};
/* End XCConfigurationList section */
	};
	rootObject = F44D46F625B4349600AE7690 /* Project object */;
}
